
Microsoft Visual Studio Solution File, Format Version 12.00
# Visual Studio 2013
VisualStudioVersion = 12.0.31101.0
MinimumVisualStudioVersion = 10.0.40219.1
Project("{FAE04EC0-301F-11D3-BF4B-00C04F79EFBC}") = "SignalR2048", "Multiplayer2048\SignalR2048.csproj", "{FD85A6AB-4510-405A-A030-8B6041DBB50E}"
EndProject
Global
	GlobalSection(SolutionConfigurationPlatforms) = preSolution
		Debug|Any CPU = Debug|Any CPU
		Release|Any CPU = Release|Any CPU
	EndGlobalSection
	GlobalSection(ProjectConfigurationPlatforms) = postSolution
		{FD85A6AB-4510-405A-A030-8B6041DBB50E}.Debug|Any CPU.ActiveCfg = Debug|Any CPU
		{FD85A6AB-4510-405A-A030-8B6041DBB50E}.Debug|Any CPU.Build.0 = Debug|Any CPU
		{FD85A6AB-4510-405A-A030-8B6041DBB50E}.Release|Any CPU.ActiveCfg = Release|Any CPU
		{FD85A6AB-4510-405A-A030-8B6041DBB50E}.Release|Any CPU.Build.0 = Release|Any CPU
	EndGlobalSection
	GlobalSection(SolutionProperties) = preSolution
		HideSolutionNode = FALSE
	EndGlobalSection
EndGlobal
